<?xml version="1.0" encoding="utf-8"?>
<Project ToolsVersion="4.0" xmlns="http://schemas.microsoft.com/developer/msbuild/2003">
  <ItemGroup>
    <Filter Include="Source Files">
      <UniqueIdentifier>{4FC737F1-C7A5-4376-A066-2A32D752A2FF}</UniqueIdentifier>
      <Extensions>cpp;c;cc;cxx;c++;cppm;ixx;def;odl;idl;hpj;bat;asm;asmx</Extensions>
    </Filter>
    <Filter Include="Header Files">
      <UniqueIdentifier>{93995380-89BD-4b04-88EB-625FBE52EBFB}</UniqueIdentifier>
      <Extensions>h;hh;hpp;hxx;h++;hm;inl;inc;ipp;xsd</Extensions>
    </Filter>
    <Filter Include="Resource Files">
      <UniqueIdentifier>{67DA6AB6-F800-4c08-8B7A-83BB121AAD01}</UniqueIdentifier>
      <Extensions>rc;ico;cur;bmp;dlg;rc2;rct;bin;rgs;gif;jpg;jpeg;jpe;resx;tiff;tif;png;wav;mfcribbon-ms</Extensions>
    </Filter>
    <Filter Include="Source Files\downloader">
      <UniqueIdentifier>{6297f84c-deb6-4bd7-bf8c-ed72c4cbf927}</UniqueIdentifier>
    </Filter>
    <Filter Include="Source Files\IOcontoler">
      <UniqueIdentifier>{a14ed4a7-295f-45a0-9464-db9ab5d6a1be}</UniqueIdentifier>
    </Filter>
    <Filter Include="Source Files\Saver">
      <UniqueIdentifier>{65e84a86-4643-461f-9765-9cbd12b48ca4}</UniqueIdentifier>
    </Filter>
    <Filter Include="Source Files\socket">
      <UniqueIdentifier>{0e0c6e23-849c-4a8a-a360-c157a522c19d}</UniqueIdentifier>
    </Filter>
    <Filter Include="Source Files\Utility">
      <UniqueIdentifier>{d74933e4-b1c2-4736-8075-42aa7f250433}</UniqueIdentifier>
    </Filter>
  </ItemGroup>
  <ItemGroup>
    <ClCompile Include="src\Downloader\downloader.cpp">
      <Filter>Source Files\downloader</Filter>
    </ClCompile>
    <ClCompile Include="src\IOControler\iocontoler.cpp">
      <Filter>Source Files\IOcontoler</Filter>
    </ClCompile>
    <ClCompile Include="src\Saver\saver.cpp">
      <Filter>Source Files\Saver</Filter>
    </ClCompile>
    <ClCompile Include="src\main.cpp">
      <Filter>Source Files</Filter>
    </ClCompile>
    <ClCompile Include="src\Socket\socket.cpp">
      <Filter>Source Files\socket</Filter>
    </ClCompile>
  </ItemGroup>
  <ItemGroup>
    <ClInclude Include="src\Downloader\downloader.h">
      <Filter>Source Files\downloader</Filter>
    </ClInclude>
    <ClInclude Include="src\IOControler\iocontoler.h">
      <Filter>Source Files\IOcontoler</Filter>
    </ClInclude>
    <ClInclude Include="src\Saver\saver.h">
      <Filter>Source Files\Saver</Filter>
    </ClInclude>
    <ClInclude Include="src\Socket\socket.h">
      <Filter>Source Files\socket</Filter>
    </ClInclude>
    <ClInclude Include="src\Utility\utility.h">
      <Filter>Source Files\Utility</Filter>
    </ClInclude>
  </ItemGroup>
</Project>