<?xml version="1.0" encoding="utf-8"?>
<Project ToolsVersion="4.0" xmlns="http://schemas.microsoft.com/developer/msbuild/2003">
  <ItemGroup>
    <Filter Include="Source Files">
      <UniqueIdentifier>{4FC737F1-C7A5-4376-A066-2A32D752A2FF}</UniqueIdentifier>
      <Extensions>cpp;c;cc;cxx;c++;cppm;ixx;def;odl;idl;hpj;bat;asm;asmx</Extensions>
    </Filter>
    <Filter Include="Header Files">
      <UniqueIdentifier>{93995380-89BD-4b04-88EB-625FBE52EBFB}</UniqueIdentifier>
      <Extensions>h;hh;hpp;hxx;h++;hm;inl;inc;ipp;xsd</Extensions>
    </Filter>
    <Filter Include="Resource Files">
      <UniqueIdentifier>{67DA6AB6-F800-4c08-8B7A-83BB121AAD01}</UniqueIdentifier>
      <Extensions>rc;ico;cur;bmp;dlg;rc2;rct;bin;rgs;gif;jpg;jpeg;jpe;resx;tiff;tif;png;wav;mfcribbon-ms</Extensions>
    </Filter>
    <Filter Include="Source Files\kernel">
      <UniqueIdentifier>{2cc17ce1-05cb-43ba-b965-c89739770e45}</UniqueIdentifier>
    </Filter>
    <Filter Include="Source Files\kernel\IO">
      <UniqueIdentifier>{5287bc49-b8d3-4a40-ac7f-8c606ef8fa1c}</UniqueIdentifier>
    </Filter>
    <Filter Include="Source Files\kernel\saver">
      <UniqueIdentifier>{d8a769cb-083d-4a6c-ae7d-d2dcb53dabab}</UniqueIdentifier>
    </Filter>
    <Filter Include="Source Files\kernel\socket">
      <UniqueIdentifier>{40446900-4f46-46d9-a7c3-bd40ef04bf31}</UniqueIdentifier>
    </Filter>
    <Filter Include="Source Files\kernel\DownloadManager">
      <UniqueIdentifier>{ab9690f1-8359-48cc-b8b3-e8d072a52283}</UniqueIdentifier>
    </Filter>
    <Filter Include="Source Files\kernel\DownloadManager\curl">
      <UniqueIdentifier>{3a3f83b6-7cf9-4dd1-9d7b-1bd249771ad2}</UniqueIdentifier>
    </Filter>
    <Filter Include="Source Files\kernel\DownloadManager\sfmlNet">
      <UniqueIdentifier>{38031e66-c27a-4b9a-bfe2-62a7ee2687a6}</UniqueIdentifier>
    </Filter>
  </ItemGroup>
  <ItemGroup>
    <ClCompile Include="src\main.cpp">
      <Filter>Source Files</Filter>
    </ClCompile>
    <ClCompile Include="src\kernel\Kernel.cpp">
      <Filter>Source Files\kernel</Filter>
    </ClCompile>
    <ClCompile Include="src\kernel\io\io.cpp">
      <Filter>Source Files\kernel\IO</Filter>
    </ClCompile>
    <ClCompile Include="src\kernel\saver\Saver.cpp">
      <Filter>Source Files\kernel\saver</Filter>
    </ClCompile>
    <ClCompile Include="src\kernel\socket\Socket.cpp">
      <Filter>Source Files\kernel\socket</Filter>
    </ClCompile>
    <ClCompile Include="src\kernel\downloader\Downloader.cpp">
      <Filter>Source Files\kernel\DownloadManager</Filter>
    </ClCompile>
    <ClCompile Include="src\kernel\downloader\curl\curlDownloader.cpp">
      <Filter>Source Files\kernel\DownloadManager\curl</Filter>
    </ClCompile>
    <ClCompile Include="src\kernel\downloader\sfmlNet\sfmlDownloader.cpp">
      <Filter>Source Files\kernel\DownloadManager\sfmlNet</Filter>
    </ClCompile>
  </ItemGroup>
  <ItemGroup>
    <ClInclude Include="src\kernel\Kernel.h">
      <Filter>Source Files\kernel</Filter>
    </ClInclude>
    <ClInclude Include="src\kernel\io\io.h">
      <Filter>Source Files\kernel\IO</Filter>
    </ClInclude>
    <ClInclude Include="src\kernel\saver\Saver.h">
      <Filter>Source Files\kernel\saver</Filter>
    </ClInclude>
    <ClInclude Include="src\kernel\socket\Socket.h">
      <Filter>Source Files\kernel\socket</Filter>
    </ClInclude>
    <ClInclude Include="src\kernel\downloader\Downloader.h">
      <Filter>Source Files\kernel\DownloadManager</Filter>
    </ClInclude>
    <ClInclude Include="src\kernel\downloader\curl\curlDownloader.h">
      <Filter>Source Files\kernel\DownloadManager\curl</Filter>
    </ClInclude>
    <ClInclude Include="src\kernel\downloader\sfmlNet\sfmlDownloader.h">
      <Filter>Source Files\kernel\DownloadManager\sfmlNet</Filter>
    </ClInclude>
  </ItemGroup>
</Project>